// !$*UTF8*$!
{
	archiveVersion = 1;
	classes = {
	};
	objectVersion = 56;
	objects = {

/* Begin PBXBuildFile section */
		8307B5D429F0D72F005512E9 /* AppDelegate.swift in Sources */ = {isa = PBXBuildFile; fileRef = 8307B5D329F0D72F005512E9 /* AppDelegate.swift */; };
		8307B5D629F0D72F005512E9 /* SceneDelegate.swift in Sources */ = {isa = PBXBuildFile; fileRef = 8307B5D529F0D72F005512E9 /* SceneDelegate.swift */; };
		8307B5D829F0D72F005512E9 /* MenuViewController.swift in Sources */ = {isa = PBXBuildFile; fileRef = 8307B5D729F0D72F005512E9 /* MenuViewController.swift */; };
		8307B5DB29F0D72F005512E9 /* Main.storyboard in Resources */ = {isa = PBXBuildFile; fileRef = 8307B5D929F0D72F005512E9 /* Main.storyboard */; };
		8307B5DD29F0D730005512E9 /* Assets.xcassets in Resources */ = {isa = PBXBuildFile; fileRef = 8307B5DC29F0D730005512E9 /* Assets.xcassets */; };
		8307B5E029F0D730005512E9 /* LaunchScreen.storyboard in Resources */ = {isa = PBXBuildFile; fileRef = 8307B5DE29F0D730005512E9 /* LaunchScreen.storyboard */; };
		830BEE0D2A45FFE900EDB6A9 /* ImagePredictor.swift in Sources */ = {isa = PBXBuildFile; fileRef = 830BEE0C2A45FFE900EDB6A9 /* ImagePredictor.swift */; };
		833D38472A45DAF400F60B98 /* AvengersClassifier.mlmodel in Sources */ = {isa = PBXBuildFile; fileRef = 833D38462A45DAF400F60B98 /* AvengersClassifier.mlmodel */; };
		83404DD729F0DB1900C4186A /* CameraViewController.swift in Sources */ = {isa = PBXBuildFile; fileRef = 83404DD629F0DB1900C4186A /* CameraViewController.swift */; };
		83404DD929F0E3A900C4186A /* RecipeViewController.swift in Sources */ = {isa = PBXBuildFile; fileRef = 83404DD829F0E3A900C4186A /* RecipeViewController.swift */; };
		83404DDB29F0EE2C00C4186A /* MenuCell.swift in Sources */ = {isa = PBXBuildFile; fileRef = 83404DDA29F0EE2C00C4186A /* MenuCell.swift */; };
/* End PBXBuildFile section */

/* Begin PBXFileReference section */
		8307B5D029F0D72F005512E9 /* CornerStore.app */ = {isa = PBXFileReference; explicitFileType = wrapper.application; includeInIndex = 0; path = CornerStore.app; sourceTree = BUILT_PRODUCTS_DIR; };
		8307B5D329F0D72F005512E9 /* AppDelegate.swift */ = {isa = PBXFileReference; lastKnownFileType = sourcecode.swift; path = AppDelegate.swift; sourceTree = "<group>"; };
		8307B5D529F0D72F005512E9 /* SceneDelegate.swift */ = {isa = PBXFileReference; lastKnownFileType = sourcecode.swift; path = SceneDelegate.swift; sourceTree = "<group>"; };
		8307B5D729F0D72F005512E9 /* MenuViewController.swift */ = {isa = PBXFileReference; lastKnownFileType = sourcecode.swift; path = MenuViewController.swift; sourceTree = "<group>"; };
		8307B5DA29F0D72F005512E9 /* Base */ = {isa = PBXFileReference; lastKnownFileType = file.storyboard; name = Base; path = Base.lproj/Main.storyboard; sourceTree = "<group>"; };
		8307B5DC29F0D730005512E9 /* Assets.xcassets */ = {isa = PBXFileReference; lastKnownFileType = folder.assetcatalog; path = Assets.xcassets; sourceTree = "<group>"; };
		8307B5DF29F0D730005512E9 /* Base */ = {isa = PBXFileReference; lastKnownFileType = file.storyboard; name = Base; path = Base.lproj/LaunchScreen.storyboard; sourceTree = "<group>"; };
		8307B5E129F0D730005512E9 /* Info.plist */ = {isa = PBXFileReference; lastKnownFileType = text.plist.xml; path = Info.plist; sourceTree = "<group>"; };
		830BEE0C2A45FFE900EDB6A9 /* ImagePredictor.swift */ = {isa = PBXFileReference; fileEncoding = 4; lastKnownFileType = sourcecode.swift; path = ImagePredictor.swift; sourceTree = "<group>"; };
		833D38462A45DAF400F60B98 /* AvengersClassifier.mlmodel */ = {isa = PBXFileReference; lastKnownFileType = file.mlmodel; path = AvengersClassifier.mlmodel; sourceTree = "<group>"; };
		83404DD629F0DB1900C4186A /* CameraViewController.swift */ = {isa = PBXFileReference; lastKnownFileType = sourcecode.swift; path = CameraViewController.swift; sourceTree = "<group>"; };
		83404DD829F0E3A900C4186A /* RecipeViewController.swift */ = {isa = PBXFileReference; lastKnownFileType = sourcecode.swift; path = RecipeViewController.swift; sourceTree = "<group>"; };
		83404DDA29F0EE2C00C4186A /* MenuCell.swift */ = {isa = PBXFileReference; lastKnownFileType = sourcecode.swift; path = MenuCell.swift; sourceTree = "<group>"; };
/* End PBXFileReference section */

/* Begin PBXFrameworksBuildPhase section */
		8307B5CD29F0D72F005512E9 /* Frameworks */ = {
			isa = PBXFrameworksBuildPhase;
			buildActionMask = 2147483647;
			files = (
			);
			runOnlyForDeploymentPostprocessing = 0;
		};
/* End PBXFrameworksBuildPhase section */

/* Begin PBXGroup section */
		8307B5C729F0D72F005512E9 = {
			isa = PBXGroup;
			children = (
				8307B5D229F0D72F005512E9 /* CornerStore */,
				8307B5D129F0D72F005512E9 /* Products */,
			);
			sourceTree = "<group>";
		};
		8307B5D129F0D72F005512E9 /* Products */ = {
			isa = PBXGroup;
			children = (
				8307B5D029F0D72F005512E9 /* CornerStore.app */,
			);
			name = Products;
			sourceTree = "<group>";
		};
		8307B5D229F0D72F005512E9 /* CornerStore */ = {
			isa = PBXGroup;
			children = (
				8307B5D329F0D72F005512E9 /* AppDelegate.swift */,
				8307B5D529F0D72F005512E9 /* SceneDelegate.swift */,
				8307B5D729F0D72F005512E9 /* MenuViewController.swift */,
				83404DD629F0DB1900C4186A /* CameraViewController.swift */,
				830BEE0C2A45FFE900EDB6A9 /* ImagePredictor.swift */,
				83404DD829F0E3A900C4186A /* RecipeViewController.swift */,
				83404DDA29F0EE2C00C4186A /* MenuCell.swift */,
				833D38462A45DAF400F60B98 /* AvengersClassifier.mlmodel */,
				8307B5D929F0D72F005512E9 /* Main.storyboard */,
				8307B5DC29F0D730005512E9 /* Assets.xcassets */,
				8307B5DE29F0D730005512E9 /* LaunchScreen.storyboard */,
				8307B5E129F0D730005512E9 /* Info.plist */,
			);
			path = CornerStore;
			sourceTree = "<group>";
		};
/* End PBXGroup section */

/* Begin PBXNativeTarget section */
		8307B5CF29F0D72F005512E9 /* CornerStore */ = {
			isa = PBXNativeTarget;
			buildConfigurationList = 8307B5E429F0D730005512E9 /* Build configuration list for PBXNativeTarget "CornerStore" */;
			buildPhases = (
				8307B5CC29F0D72F005512E9 /* Sources */,
				8307B5CD29F0D72F005512E9 /* Frameworks */,
				8307B5CE29F0D72F005512E9 /* Resources */,
			);
			buildRules = (
			);
			dependencies = (
			);
			name = CornerStore;
			productName = CornerStore;
			productReference = 8307B5D029F0D72F005512E9 /* CornerStore.app */;
			productType = "com.apple.product-type.application";
		};
/* End PBXNativeTarget section */

/* Begin PBXProject section */
		8307B5C829F0D72F005512E9 /* Project object */ = {
			isa = PBXProject;
			attributes = {
				BuildIndependentTargetsInParallel = 1;
				LastSwiftUpdateCheck = 1430;
				LastUpgradeCheck = 1430;
				TargetAttributes = {
					8307B5CF29F0D72F005512E9 = {
						CreatedOnToolsVersion = 14.3;
					};
				};
			};
			buildConfigurationList = 8307B5CB29F0D72F005512E9 /* Build configuration list for PBXProject "CornerStore" */;
			compatibilityVersion = "Xcode 14.0";
			developmentRegion = en;
			hasScannedForEncodings = 0;
			knownRegions = (
				en,
				Base,
			);
			mainGroup = 8307B5C729F0D72F005512E9;
			productRefGroup = 8307B5D129F0D72F005512E9 /* Products */;
			projectDirPath = "";
			projectRoot = "";
			targets = (
				8307B5CF29F0D72F005512E9 /* CornerStore */,
			);
		};
/* End PBXProject section */

/* Begin PBXResourcesBuildPhase section */
		8307B5CE29F0D72F005512E9 /* Resources */ = {
			isa = PBXResourcesBuildPhase;
			buildActionMask = 2147483647;
			files = (
				8307B5E029F0D730005512E9 /* LaunchScreen.storyboard in Resources */,
				8307B5DD29F0D730005512E9 /* Assets.xcassets in Resources */,
				8307B5DB29F0D72F005512E9 /* Main.storyboard in Resources */,
			);
			runOnlyForDeploymentPostprocessing = 0;
		};
/* End PBXResourcesBuildPhase section */

/* Begin PBXSourcesBuildPhase section */
		8307B5CC29F0D72F005512E9 /* Sources */ = {
			isa = PBXSourcesBuildPhase;
			buildActionMask = 2147483647;
			files = (
				8307B5D829F0D72F005512E9 /* MenuViewController.swift in Sources */,
				8307B5D429F0D72F005512E9 /* AppDelegate.swift in Sources */,
				83404DDB29F0EE2C00C4186A /* MenuCell.swift in Sources */,
				833D38472A45DAF400F60B98 /* AvengersClassifier.mlmodel in Sources */,
				83404DD729F0DB1900C4186A /* CameraViewController.swift in Sources */,
				8307B5D629F0D72F005512E9 /* SceneDelegate.swift in Sources */,
				830BEE0D2A45FFE900EDB6A9 /* ImagePredictor.swift in Sources */,
				83404DD929F0E3A900C4186A /* RecipeViewController.swift in Sources */,
			);
			runOnlyForDeploymentPostprocessing = 0;
		};
/* End PBXSourcesBuildPhase section */

/* Begin PBXVariantGroup section */
		8307B5D929F0D72F005512E9 /* Main.storyboard */ = {
			isa = PBXVariantGroup;
			children = (
				8307B5DA29F0D72F005512E9 /* Base */,
			);
			name = Main.storyboard;
			sourceTree = "<group>";
		};
		8307B5DE29F0D730005512E9 /* LaunchScreen.storyboard */ = {
			isa = PBXVariantGroup;
			children = (
				8307B5DF29F0D730005512E9 /* Base */,
			);
			name = LaunchScreen.storyboard;
			sourceTree = "<group>";
		};
/* End PBXVariantGroup section */

/* Begin XCBuildConfiguration section */
		8307B5E229F0D730005512E9 /* Debug */ = {
			isa = XCBuildConfiguration;
			buildSettings = {
				ALWAYS_SEARCH_USER_PATHS = NO;
				CLANG_ANALYZER_NONNULL = YES;
				CLANG_ANALYZER_NUMBER_OBJECT_CONVERSION = YES_AGGRESSIVE;
				CLANG_CXX_LANGUAGE_STANDARD = "gnu++20";
				CLANG_ENABLE_MODULES = YES;
				CLANG_ENABLE_OBJC_ARC = YES;
				CLANG_ENABLE_OBJC_WEAK = YES;
				CLANG_WARN_BLOCK_CAPTURE_AUTORELEASING = YES;
				CLANG_WARN_BOOL_CONVERSION = YES;
				CLANG_WARN_COMMA = YES;
				CLANG_WARN_CONSTANT_CONVERSION = YES;
				CLANG_WARN_DEPRECATED_OBJC_IMPLEMENTATIONS = YES;
				CLANG_WARN_DIRECT_OBJC_ISA_USAGE = YES_ERROR;
				CLANG_WARN_DOCUMENTATION_COMMENTS = YES;
				CLANG_WARN_EMPTY_BODY = YES;
				CLANG_WARN_ENUM_CONVERSION = YES;
				CLANG_WARN_INFINITE_RECURSION = YES;
				CLANG_WARN_INT_CONVERSION = YES;
				CLANG_WARN_NON_LITERAL_NULL_CONVERSION = YES;
				CLANG_WARN_OBJC_IMPLICIT_RETAIN_SELF = YES;
				CLANG_WARN_OBJC_LITERAL_CONVERSION = YES;
				CLANG_WARN_OBJC_ROOT_CLASS = YES_ERROR;
				CLANG_WARN_QUOTED_INCLUDE_IN_FRAMEWORK_HEADER = YES;
				CLANG_WARN_RANGE_LOOP_ANALYSIS = YES;
				CLANG_WARN_STRICT_PROTOTYPES = YES;
				CLANG_WARN_SUSPICIOUS_MOVE = YES;
				CLANG_WARN_UNGUARDED_AVAILABILITY = YES_AGGRESSIVE;
				CLANG_WARN_UNREACHABLE_CODE = YES;
				CLANG_WARN__DUPLICATE_METHOD_MATCH = YES;
				COPY_PHASE_STRIP = NO;
				DEBUG_INFORMATION_FORMAT = dwarf;
				ENABLE_STRICT_OBJC_MSGSEND = YES;
				ENABLE_TESTABILITY = YES;
				GCC_C_LANGUAGE_STANDARD = gnu11;
				GCC_DYNAMIC_NO_PIC = NO;
				GCC_NO_COMMON_BLOCKS = YES;
				GCC_OPTIMIZATION_LEVEL = 0;
				GCC_PREPROCESSOR_DEFINITIONS = (
					"DEBUG=1",
					"$(inherited)",
				);
				GCC_WARN_64_TO_32_BIT_CONVERSION = YES;
				GCC_WARN_ABOUT_RETURN_TYPE = YES_ERROR;
				GCC_WARN_UNDECLARED_SELECTOR = YES;
				GCC_WARN_UNINITIALIZED_AUTOS = YES_AGGRESSIVE;
				GCC_WARN_UNUSED_FUNCTION = YES;
				GCC_WARN_UNUSED_VARIABLE = YES;
				IPHONEOS_DEPLOYMENT_TARGET = 16.4;
				MTL_ENABLE_DEBUG_INFO = INCLUDE_SOURCE;
				MTL_FAST_MATH = YES;
				ONLY_ACTIVE_ARCH = YES;
				SDKROOT = iphoneos;
				SWIFT_ACTIVE_COMPILATION_CONDITIONS = DEBUG;
				SWIFT_OPTIMIZATION_LEVEL = "-Onone";
			};
			name = Debug;
		};
		8307B5E329F0D730005512E9 /* Release */ = {
			isa = XCBuildConfiguration;
			buildSettings = {
				ALWAYS_SEARCH_USER_PATHS = NO;
				CLANG_ANALYZER_NONNULL = YES;
				CLANG_ANALYZER_NUMBER_OBJECT_CONVERSION = YES_AGGRESSIVE;
				CLANG_CXX_LANGUAGE_STANDARD = "gnu++20";
				CLANG_ENABLE_MODULES = YES;
				CLANG_ENABLE_OBJC_ARC = YES;
				CLANG_ENABLE_OBJC_WEAK = YES;
				CLANG_WARN_BLOCK_CAPTURE_AUTORELEASING = YES;
				CLANG_WARN_BOOL_CONVERSION = YES;
				CLANG_WARN_COMMA = YES;
				CLANG_WARN_CONSTANT_CONVERSION = YES;
				CLANG_WARN_DEPRECATED_OBJC_IMPLEMENTATIONS = YES;
				CLANG_WARN_DIRECT_OBJC_ISA_USAGE = YES_ERROR;
				CLANG_WARN_DOCUMENTATION_COMMENTS = YES;
				CLANG_WARN_EMPTY_BODY = YES;
				CLANG_WARN_ENUM_CONVERSION = YES;
				CLANG_WARN_INFINITE_RECURSION = YES;
				CLANG_WARN_INT_CONVERSION = YES;
				CLANG_WARN_NON_LITERAL_NULL_CONVERSION = YES;
				CLANG_WARN_OBJC_IMPLICIT_RETAIN_SELF = YES;
				CLANG_WARN_OBJC_LITERAL_CONVERSION = YES;
				CLANG_WARN_OBJC_ROOT_CLASS = YES_ERROR;
				CLANG_WARN_QUOTED_INCLUDE_IN_FRAMEWORK_HEADER = YES;
				CLANG_WARN_RANGE_LOOP_ANALYSIS = YES;
				CLANG_WARN_STRICT_PROTOTYPES = YES;
				CLANG_WARN_SUSPICIOUS_MOVE = YES;
				CLANG_WARN_UNGUARDED_AVAILABILITY = YES_AGGRESSIVE;
				CLANG_WARN_UNREACHABLE_CODE = YES;
				CLANG_WARN__DUPLICATE_METHOD_MATCH = YES;
				COPY_PHASE_STRIP = NO;
				DEBUG_INFORMATION_FORMAT = "dwarf-with-dsym";
				ENABLE_NS_ASSERTIONS = NO;
				ENABLE_STRICT_OBJC_MSGSEND = YES;
				GCC_C_LANGUAGE_STANDARD = gnu11;
				GCC_NO_COMMON_BLOCKS = YES;
				GCC_WARN_64_TO_32_BIT_CONVERSION = YES;
				GCC_WARN_ABOUT_RETURN_TYPE = YES_ERROR;
				GCC_WARN_UNDECLARED_SELECTOR = YES;
				GCC_WARN_UNINITIALIZED_AUTOS = YES_AGGRESSIVE;
				GCC_WARN_UNUSED_FUNCTION = YES;
				GCC_WARN_UNUSED_VARIABLE = YES;
				IPHONEOS_DEPLOYMENT_TARGET = 16.4;
				MTL_ENABLE_DEBUG_INFO = NO;
				MTL_FAST_MATH = YES;
				SDKROOT = iphoneos;
				SWIFT_COMPILATION_MODE = wholemodule;
				SWIFT_OPTIMIZATION_LEVEL = "-O";
				VALIDATE_PRODUCT = YES;
			};
			name = Release;
		};
		8307B5E529F0D730005512E9 /* Debug */ = {
			isa = XCBuildConfiguration;
			buildSettings = {
				ASSETCATALOG_COMPILER_APPICON_NAME = AppIcon;
				ASSETCATALOG_COMPILER_GLOBAL_ACCENT_COLOR_NAME = AccentColor;
				CODE_SIGN_STYLE = Automatic;
				CURRENT_PROJECT_VERSION = 1;
				DEVELOPMENT_TEAM = B3PWYBKFUK;
				GENERATE_INFOPLIST_FILE = YES;
				INFOPLIST_FILE = CornerStore/Info.plist;
				INFOPLIST_KEY_UIApplicationSupportsIndirectInputEvents = YES;
				INFOPLIST_KEY_UILaunchStoryboardName = LaunchScreen;
				INFOPLIST_KEY_UIMainStoryboardFile = Main;
				INFOPLIST_KEY_UISupportedInterfaceOrientations_iPad = "UIInterfaceOrientationPortrait UIInterfaceOrientationPortraitUpsideDown UIInterfaceOrientationLandscapeLeft UIInterfaceOrientationLandscapeRight";
				INFOPLIST_KEY_UISupportedInterfaceOrientations_iPhone = "UIInterfaceOrientationPortrait UIInterfaceOrientationLandscapeLeft UIInterfaceOrientationLandscapeRight";
				LD_RUNPATH_SEARCH_PATHS = (
					"$(inherited)",
					"@executable_path/Frameworks",
				);
				MARKETING_VERSION = 1.0;
				PRODUCT_BUNDLE_IDENTIFIER = kr.codesquad.CornerStore;
				PRODUCT_NAME = "$(TARGET_NAME)";
				SWIFT_EMIT_LOC_STRINGS = YES;
				SWIFT_VERSION = 5.0;
				TARGETED_DEVICE_FAMILY = "1,2";
			};
			name = Debug;
		};
		8307B5E629F0D730005512E9 /* Release */ = {
			isa = XCBuildConfiguration;
			buildSettings = {
				ASSETCATALOG_COMPILER_APPICON_NAME = AppIcon;
				ASSETCATALOG_COMPILER_GLOBAL_ACCENT_COLOR_NAME = AccentColor;
				CODE_SIGN_STYLE = Automatic;
				CURRENT_PROJECT_VERSION = 1;
				DEVELOPMENT_TEAM = B3PWYBKFUK;
				GENERATE_INFOPLIST_FILE = YES;
				INFOPLIST_FILE = CornerStore/Info.plist;
				INFOPLIST_KEY_UIApplicationSupportsIndirectInputEvents = YES;
				INFOPLIST_KEY_UILaunchStoryboardName = LaunchScreen;
				INFOPLIST_KEY_UIMainStoryboardFile = Main;
				INFOPLIST_KEY_UISupportedInterfaceOrientations_iPad = "UIInterfaceOrientationPortrait UIInterfaceOrientationPortraitUpsideDown UIInterfaceOrientationLandscapeLeft UIInterfaceOrientationLandscapeRight";
				INFOPLIST_KEY_UISupportedInterfaceOrientations_iPhone = "UIInterfaceOrientationPortrait UIInterfaceOrientationLandscapeLeft UIInterfaceOrientationLandscapeRight";
				LD_RUNPATH_SEARCH_PATHS = (
					"$(inherited)",
					"@executable_path/Frameworks",
				);
				MARKETING_VERSION = 1.0;
				PRODUCT_BUNDLE_IDENTIFIER = kr.codesquad.CornerStore;
				PRODUCT_NAME = "$(TARGET_NAME)";
				SWIFT_EMIT_LOC_STRINGS = YES;
				SWIFT_VERSION = 5.0;
				TARGETED_DEVICE_FAMILY = "1,2";
			};
			name = Release;
		};
/* End XCBuildConfiguration section */

/* Begin XCConfigurationList section */
		8307B5CB29F0D72F005512E9 /* Build configuration list for PBXProject "CornerStore" */ = {
			isa = XCConfigurationList;
			buildConfigurations = (
				8307B5E229F0D730005512E9 /* Debug */,
				8307B5E329F0D730005512E9 /* Release */,
			);
			defaultConfigurationIsVisible = 0;
			defaultConfigurationName = Release;
		};
		8307B5E429F0D730005512E9 /* Build configuration list for PBXNativeTarget "CornerStore" */ = {
			isa = XCConfigurationList;
			buildConfigurations = (
				8307B5E529F0D730005512E9 /* Debug */,
				8307B5E629F0D730005512E9 /* Release */,
			);
			defaultConfigurationIsVisible = 0;
			defaultConfigurationName = Release;
		};
/* End XCConfigurationList section */
	};
	rootObject = 8307B5C829F0D72F005512E9 /* Project object */;
}
